
Microsoft Visual Studio Solution File, Format Version 10.00
# Visual Studio 2008
Project("{8BC9CEB8-8B4A-11D0-8D11-00A0C91BC942}") = "meth1.proc", "meth1.proc\meth1.proc.vcproj", "{55BCD337-3556-40C2-B07F-DA0FFFD5C269}"
EndProject
Global
	GlobalSection(SolutionConfigurationPlatforms) = preSolution
		Debug|Win32 = Debug|Win32
		Release|Win32 = Release|Win32
	EndGlobalSection
	GlobalSection(ProjectConfigurationPlatforms) = postSolution
		{55BCD337-3556-40C2-B07F-DA0FFFD5C269}.Debug|Win32.ActiveCfg = Debug|Win32
		{55BCD337-3556-40C2-B07F-DA0FFFD5C269}.Debug|Win32.Build.0 = Debug|Win32
		{55BCD337-3556-40C2-B07F-DA0FFFD5C269}.Release|Win32.ActiveCfg = Release|Win32
		{55BCD337-3556-40C2-B07F-DA0FFFD5C269}.Release|Win32.Build.0 = Release|Win32
	EndGlobalSection
	GlobalSection(SolutionProperties) = preSolution
		HideSolutionNode = FALSE
	EndGlobalSection
EndGlobal
