
Microsoft Visual Studio Solution File, Format Version 10.00
# Visual Studio 2008
Project("{8BC9CEB8-8B4A-11D0-8D11-00A0C91BC942}") = "meth1.OOP", "meth1.OOP\meth1.OOP.vcproj", "{AE42105F-0366-4615-9205-09440A9A7FFE}"
EndProject
Global
	GlobalSection(SolutionConfigurationPlatforms) = preSolution
		Debug|Win32 = Debug|Win32
		Release|Win32 = Release|Win32
	EndGlobalSection
	GlobalSection(ProjectConfigurationPlatforms) = postSolution
		{AE42105F-0366-4615-9205-09440A9A7FFE}.Debug|Win32.ActiveCfg = Debug|Win32
		{AE42105F-0366-4615-9205-09440A9A7FFE}.Debug|Win32.Build.0 = Debug|Win32
		{AE42105F-0366-4615-9205-09440A9A7FFE}.Release|Win32.ActiveCfg = Release|Win32
		{AE42105F-0366-4615-9205-09440A9A7FFE}.Release|Win32.Build.0 = Release|Win32
	EndGlobalSection
	GlobalSection(SolutionProperties) = preSolution
		HideSolutionNode = FALSE
	EndGlobalSection
EndGlobal
